
Microsoft Visual Studio Solution File, Format Version 12.00
# Visual Studio Version 17
VisualStudioVersion = 17.5.33530.505
MinimumVisualStudioVersion = 10.0.40219.1
Project("{FAE04EC0-301F-11D3-BF4B-00C04F79EFBC}") = "WorkWithDbUsingDataGridView", "WorkWithDbUsingDataGridView.csproj", "{66D46863-5E7E-4857-869F-ABF3E7761F54}"
EndProject
Global
	GlobalSection(SolutionConfigurationPlatforms) = preSolution
		Debug|Any CPU = Debug|Any CPU
		Release|Any CPU = Release|Any CPU
	EndGlobalSection
	GlobalSection(ProjectConfigurationPlatforms) = postSolution
		{66D46863-5E7E-4857-869F-ABF3E7761F54}.Debug|Any CPU.ActiveCfg = Debug|Any CPU
		{66D46863-5E7E-4857-869F-ABF3E7761F54}.Debug|Any CPU.Build.0 = Debug|Any CPU
		{66D46863-5E7E-4857-869F-ABF3E7761F54}.Release|Any CPU.ActiveCfg = Release|Any CPU
		{66D46863-5E7E-4857-869F-ABF3E7761F54}.Release|Any CPU.Build.0 = Release|Any CPU
	EndGlobalSection
	GlobalSection(SolutionProperties) = preSolution
		HideSolutionNode = FALSE
	EndGlobalSection
	GlobalSection(ExtensibilityGlobals) = postSolution
		SolutionGuid = {D9FF2E76-7698-4B01-B9D1-8CFDA40743B7}
	EndGlobalSection
EndGlobal
